
Microsoft Visual Studio Solution File, Format Version 12.00
Project("{FAE04EC0-301F-11D3-BF4B-00C04F79EFBC}") = "LightGiver", "LightGiver\LightGiver.csproj", "{989B49E0-CB98-422C-8F2C-56A5188356AA}"
EndProject
Global
	GlobalSection(SolutionConfigurationPlatforms) = preSolution
		Debug|Any CPU = Debug|Any CPU
		Release|Any CPU = Release|Any CPU
	EndGlobalSection
	GlobalSection(ProjectConfigurationPlatforms) = postSolution
		{989B49E0-CB98-422C-8F2C-56A5188356AA}.Debug|Any CPU.ActiveCfg = Debug|Any CPU
		{989B49E0-CB98-422C-8F2C-56A5188356AA}.Debug|Any CPU.Build.0 = Debug|Any CPU
		{989B49E0-CB98-422C-8F2C-56A5188356AA}.Release|Any CPU.ActiveCfg = Release|Any CPU
		{989B49E0-CB98-422C-8F2C-56A5188356AA}.Release|Any CPU.Build.0 = Release|Any CPU
	EndGlobalSection
EndGlobal
